
Microsoft Visual Studio Solution File, Format Version 12.00
Project("{2150E333-8FDC-42A3-9474-1A3956D46DE8}") = "01_BasicsOfProgramming", "01_BasicsOfProgramming", "{7E287A51-DDD8-41E4-9A72-F06E19475640}"
EndProject
Project("{2150E333-8FDC-42A3-9474-1A3956D46DE8}") = "Lessons", "Lessons", "{24F50841-1013-4898-A32D-E5E739EC9958}"
EndProject
Project("{2150E333-8FDC-42A3-9474-1A3956D46DE8}") = "Practice", "Practice", "{37519CD1-2267-4121-9551-76B418004E43}"
EndProject
Project("{FAE04EC0-301F-11D3-BF4B-00C04F79EFBC}") = "Practice", "Practice\Practice.csproj", "{FEF87775-378C-4180-B9DC-C16A4FB5DFF4}"
EndProject
Project("{FAE04EC0-301F-11D3-BF4B-00C04F79EFBC}") = "_01_BasicsOfProgramming_01_Variables", "_01_BasicsOfProgramming_01_Variables\_01_BasicsOfProgramming_01_Variables.csproj", "{387EA9FB-5696-4527-86BD-8942549393D5}"
EndProject
Project("{FAE04EC0-301F-11D3-BF4B-00C04F79EFBC}") = "_01_BasicsOfProgramming_03_Pictures", "_01_BasicsOfProgramming_03_Pictures\_01_BasicsOfProgramming_03_Pictures.csproj", "{983A9E30-6AEA-4481-834C-AA2D2CC59705}"
EndProject
Project("{FAE04EC0-301F-11D3-BF4B-00C04F79EFBC}") = "_01_BasicsOfProgramming_04_Store", "_01_BasicsOfProgramming_04_Store\_01_BasicsOfProgramming_04_Store.csproj", "{E4E99BC1-E57D-4723-A55F-43A8A825B32C}"
EndProject
Project("{FAE04EC0-301F-11D3-BF4B-00C04F79EFBC}") = "_01_BasicsOfProgramming_05_Queue", "_01_BasicsOfProgramming_05_Queue\_01_BasicsOfProgramming_05_Queue.csproj", "{DA55011C-BAD0-45D3-8A50-3D9CC70C3807}"
EndProject
Project("{FAE04EC0-301F-11D3-BF4B-00C04F79EFBC}") = "_01_BasicsOfProgramming_06_Strings", "_01_BasicsOfProgramming_06_Strings\_01_BasicsOfProgramming_06_Strings.csproj", "{A5F15D66-BCF8-471A-920D-4E57E2E792AD}"
EndProject
Project("{2150E333-8FDC-42A3-9474-1A3956D46DE8}") = "02_ConditionalsAndLoops", "02_ConditionalsAndLoops", "{C646D370-5B3D-4A3C-9D1C-31FF762343A2}"
EndProject
Project("{2150E333-8FDC-42A3-9474-1A3956D46DE8}") = "Practice", "Practice", "{804A220B-39BE-4CC3-9EE8-386DC6FF7231}"
EndProject
Project("{FAE04EC0-301F-11D3-BF4B-00C04F79EFBC}") = "_02_ConditionalsAndLoops_01_Cycles", "_02_ConditionalsAndLoops_01_Cycles\_02_ConditionalsAndLoops_01_Cycles.csproj", "{62547F74-200F-44EE-8166-30CB73745256}"
EndProject
Project("{FAE04EC0-301F-11D3-BF4B-00C04F79EFBC}") = "_02_ConditionalsAndLoops_02_ExitControl", "_02_ConditionalsAndLoops_02_ExitControl\_02_ConditionalsAndLoops_02_ExitControl.csproj", "{599DB632-945D-4989-AEB2-5678B7F29B98}"
EndProject
Project("{FAE04EC0-301F-11D3-BF4B-00C04F79EFBC}") = "_02_ConditionalsAndLoops_03_CurrencyConverter", "_02_ConditionalsAndLoops_03_CurrencyConverter\_02_ConditionalsAndLoops_03_CurrencyConverter.csproj", "{C55ACEDE-E5E8-42AB-AA9F-5705BC6C46A1}"
EndProject
Project("{FAE04EC0-301F-11D3-BF4B-00C04F79EFBC}") = "_02_ConditionalsAndLoops_04_ConsoleMenu", "_02_ConditionalsAndLoops_04_ConsoleMenu\_02_ConditionalsAndLoops_04_ConsoleMenu.csproj", "{B91035C6-53AF-4093-B848-DC7AEE6FC934}"
EndProject
Project("{FAE04EC0-301F-11D3-BF4B-00C04F79EFBC}") = "_02_ConditionalsAndLoops_05_Sequence", "_02_ConditionalsAndLoops_05_Sequence\_02_ConditionalsAndLoops_05_Sequence.csproj", "{B7B2E4A4-42AC-41C9-8C6E-22262316952A}"
EndProject
Project("{FAE04EC0-301F-11D3-BF4B-00C04F79EFBC}") = "_02_ConditionalsAndLoops_06_NameOutput", "_02_ConditionalsAndLoops_06_NameOutput\_02_ConditionalsAndLoops_06_NameOutput.csproj", "{CDC8956A-2A4F-41F4-B8C7-46580694B201}"
EndProject
Project("{FAE04EC0-301F-11D3-BF4B-00C04F79EFBC}") = "_02_ConditionalsAndLoops_07_PasswordProgram", "_02_ConditionalsAndLoops_07_PasswordProgram\_02_ConditionalsAndLoops_07_PasswordProgram.csproj", "{23A02A6D-DDD2-4B3F-9A25-F3AAF21E9121}"
EndProject
Project("{FAE04EC0-301F-11D3-BF4B-00C04F79EFBC}") = "_02_ConditionalsAndLoops_08_BossFight", "_02_ConditionalsAndLoops_08_BossFight\_02_ConditionalsAndLoops_08_BossFight.csproj", "{8EE343A0-CB5B-4C7C-B568-5E09C931E7CA}"
EndProject
Global
	GlobalSection(SolutionConfigurationPlatforms) = preSolution
		Debug|Any CPU = Debug|Any CPU
		Release|Any CPU = Release|Any CPU
	EndGlobalSection
	GlobalSection(NestedProjects) = preSolution
		{24F50841-1013-4898-A32D-E5E739EC9958} = {7E287A51-DDD8-41E4-9A72-F06E19475640}
		{37519CD1-2267-4121-9551-76B418004E43} = {7E287A51-DDD8-41E4-9A72-F06E19475640}
		{FEF87775-378C-4180-B9DC-C16A4FB5DFF4} = {24F50841-1013-4898-A32D-E5E739EC9958}
		{387EA9FB-5696-4527-86BD-8942549393D5} = {37519CD1-2267-4121-9551-76B418004E43}
		{983A9E30-6AEA-4481-834C-AA2D2CC59705} = {37519CD1-2267-4121-9551-76B418004E43}
		{E4E99BC1-E57D-4723-A55F-43A8A825B32C} = {37519CD1-2267-4121-9551-76B418004E43}
		{DA55011C-BAD0-45D3-8A50-3D9CC70C3807} = {37519CD1-2267-4121-9551-76B418004E43}
		{A5F15D66-BCF8-471A-920D-4E57E2E792AD} = {37519CD1-2267-4121-9551-76B418004E43}
		{804A220B-39BE-4CC3-9EE8-386DC6FF7231} = {C646D370-5B3D-4A3C-9D1C-31FF762343A2}
		{62547F74-200F-44EE-8166-30CB73745256} = {804A220B-39BE-4CC3-9EE8-386DC6FF7231}
		{599DB632-945D-4989-AEB2-5678B7F29B98} = {804A220B-39BE-4CC3-9EE8-386DC6FF7231}
		{C55ACEDE-E5E8-42AB-AA9F-5705BC6C46A1} = {804A220B-39BE-4CC3-9EE8-386DC6FF7231}
		{B91035C6-53AF-4093-B848-DC7AEE6FC934} = {804A220B-39BE-4CC3-9EE8-386DC6FF7231}
		{B7B2E4A4-42AC-41C9-8C6E-22262316952A} = {804A220B-39BE-4CC3-9EE8-386DC6FF7231}
		{CDC8956A-2A4F-41F4-B8C7-46580694B201} = {804A220B-39BE-4CC3-9EE8-386DC6FF7231}
		{23A02A6D-DDD2-4B3F-9A25-F3AAF21E9121} = {804A220B-39BE-4CC3-9EE8-386DC6FF7231}
		{8EE343A0-CB5B-4C7C-B568-5E09C931E7CA} = {804A220B-39BE-4CC3-9EE8-386DC6FF7231}
	EndGlobalSection
	GlobalSection(ProjectConfigurationPlatforms) = postSolution
		{FEF87775-378C-4180-B9DC-C16A4FB5DFF4}.Debug|Any CPU.ActiveCfg = Debug|Any CPU
		{FEF87775-378C-4180-B9DC-C16A4FB5DFF4}.Debug|Any CPU.Build.0 = Debug|Any CPU
		{FEF87775-378C-4180-B9DC-C16A4FB5DFF4}.Release|Any CPU.ActiveCfg = Release|Any CPU
		{FEF87775-378C-4180-B9DC-C16A4FB5DFF4}.Release|Any CPU.Build.0 = Release|Any CPU
		{387EA9FB-5696-4527-86BD-8942549393D5}.Debug|Any CPU.ActiveCfg = Debug|Any CPU
		{387EA9FB-5696-4527-86BD-8942549393D5}.Debug|Any CPU.Build.0 = Debug|Any CPU
		{387EA9FB-5696-4527-86BD-8942549393D5}.Release|Any CPU.ActiveCfg = Release|Any CPU
		{387EA9FB-5696-4527-86BD-8942549393D5}.Release|Any CPU.Build.0 = Release|Any CPU
		{983A9E30-6AEA-4481-834C-AA2D2CC59705}.Debug|Any CPU.ActiveCfg = Debug|Any CPU
		{983A9E30-6AEA-4481-834C-AA2D2CC59705}.Debug|Any CPU.Build.0 = Debug|Any CPU
		{983A9E30-6AEA-4481-834C-AA2D2CC59705}.Release|Any CPU.ActiveCfg = Release|Any CPU
		{983A9E30-6AEA-4481-834C-AA2D2CC59705}.Release|Any CPU.Build.0 = Release|Any CPU
		{E4E99BC1-E57D-4723-A55F-43A8A825B32C}.Debug|Any CPU.ActiveCfg = Debug|Any CPU
		{E4E99BC1-E57D-4723-A55F-43A8A825B32C}.Debug|Any CPU.Build.0 = Debug|Any CPU
		{E4E99BC1-E57D-4723-A55F-43A8A825B32C}.Release|Any CPU.ActiveCfg = Release|Any CPU
		{E4E99BC1-E57D-4723-A55F-43A8A825B32C}.Release|Any CPU.Build.0 = Release|Any CPU
		{DA55011C-BAD0-45D3-8A50-3D9CC70C3807}.Debug|Any CPU.ActiveCfg = Debug|Any CPU
		{DA55011C-BAD0-45D3-8A50-3D9CC70C3807}.Debug|Any CPU.Build.0 = Debug|Any CPU
		{DA55011C-BAD0-45D3-8A50-3D9CC70C3807}.Release|Any CPU.ActiveCfg = Release|Any CPU
		{DA55011C-BAD0-45D3-8A50-3D9CC70C3807}.Release|Any CPU.Build.0 = Release|Any CPU
		{A5F15D66-BCF8-471A-920D-4E57E2E792AD}.Debug|Any CPU.ActiveCfg = Debug|Any CPU
		{A5F15D66-BCF8-471A-920D-4E57E2E792AD}.Debug|Any CPU.Build.0 = Debug|Any CPU
		{A5F15D66-BCF8-471A-920D-4E57E2E792AD}.Release|Any CPU.ActiveCfg = Release|Any CPU
		{A5F15D66-BCF8-471A-920D-4E57E2E792AD}.Release|Any CPU.Build.0 = Release|Any CPU
		{62547F74-200F-44EE-8166-30CB73745256}.Debug|Any CPU.ActiveCfg = Debug|Any CPU
		{62547F74-200F-44EE-8166-30CB73745256}.Debug|Any CPU.Build.0 = Debug|Any CPU
		{62547F74-200F-44EE-8166-30CB73745256}.Release|Any CPU.ActiveCfg = Release|Any CPU
		{62547F74-200F-44EE-8166-30CB73745256}.Release|Any CPU.Build.0 = Release|Any CPU
		{599DB632-945D-4989-AEB2-5678B7F29B98}.Debug|Any CPU.ActiveCfg = Debug|Any CPU
		{599DB632-945D-4989-AEB2-5678B7F29B98}.Debug|Any CPU.Build.0 = Debug|Any CPU
		{599DB632-945D-4989-AEB2-5678B7F29B98}.Release|Any CPU.ActiveCfg = Release|Any CPU
		{599DB632-945D-4989-AEB2-5678B7F29B98}.Release|Any CPU.Build.0 = Release|Any CPU
		{C55ACEDE-E5E8-42AB-AA9F-5705BC6C46A1}.Debug|Any CPU.ActiveCfg = Debug|Any CPU
		{C55ACEDE-E5E8-42AB-AA9F-5705BC6C46A1}.Debug|Any CPU.Build.0 = Debug|Any CPU
		{C55ACEDE-E5E8-42AB-AA9F-5705BC6C46A1}.Release|Any CPU.ActiveCfg = Release|Any CPU
		{C55ACEDE-E5E8-42AB-AA9F-5705BC6C46A1}.Release|Any CPU.Build.0 = Release|Any CPU
		{B91035C6-53AF-4093-B848-DC7AEE6FC934}.Debug|Any CPU.ActiveCfg = Debug|Any CPU
		{B91035C6-53AF-4093-B848-DC7AEE6FC934}.Debug|Any CPU.Build.0 = Debug|Any CPU
		{B91035C6-53AF-4093-B848-DC7AEE6FC934}.Release|Any CPU.ActiveCfg = Release|Any CPU
		{B91035C6-53AF-4093-B848-DC7AEE6FC934}.Release|Any CPU.Build.0 = Release|Any CPU
		{B7B2E4A4-42AC-41C9-8C6E-22262316952A}.Debug|Any CPU.ActiveCfg = Debug|Any CPU
		{B7B2E4A4-42AC-41C9-8C6E-22262316952A}.Debug|Any CPU.Build.0 = Debug|Any CPU
		{B7B2E4A4-42AC-41C9-8C6E-22262316952A}.Release|Any CPU.ActiveCfg = Release|Any CPU
		{B7B2E4A4-42AC-41C9-8C6E-22262316952A}.Release|Any CPU.Build.0 = Release|Any CPU
		{CDC8956A-2A4F-41F4-B8C7-46580694B201}.Debug|Any CPU.ActiveCfg = Debug|Any CPU
		{CDC8956A-2A4F-41F4-B8C7-46580694B201}.Debug|Any CPU.Build.0 = Debug|Any CPU
		{CDC8956A-2A4F-41F4-B8C7-46580694B201}.Release|Any CPU.ActiveCfg = Release|Any CPU
		{CDC8956A-2A4F-41F4-B8C7-46580694B201}.Release|Any CPU.Build.0 = Release|Any CPU
		{23A02A6D-DDD2-4B3F-9A25-F3AAF21E9121}.Debug|Any CPU.ActiveCfg = Debug|Any CPU
		{23A02A6D-DDD2-4B3F-9A25-F3AAF21E9121}.Debug|Any CPU.Build.0 = Debug|Any CPU
		{23A02A6D-DDD2-4B3F-9A25-F3AAF21E9121}.Release|Any CPU.ActiveCfg = Release|Any CPU
		{23A02A6D-DDD2-4B3F-9A25-F3AAF21E9121}.Release|Any CPU.Build.0 = Release|Any CPU
		{8EE343A0-CB5B-4C7C-B568-5E09C931E7CA}.Debug|Any CPU.ActiveCfg = Debug|Any CPU
		{8EE343A0-CB5B-4C7C-B568-5E09C931E7CA}.Debug|Any CPU.Build.0 = Debug|Any CPU
		{8EE343A0-CB5B-4C7C-B568-5E09C931E7CA}.Release|Any CPU.ActiveCfg = Release|Any CPU
		{8EE343A0-CB5B-4C7C-B568-5E09C931E7CA}.Release|Any CPU.Build.0 = Release|Any CPU
	EndGlobalSection
EndGlobal
