
Microsoft Visual Studio Solution File, Format Version 12.00
Project("{2150E333-8FDC-42A3-9474-1A3956D46DE8}") = "01_BasicsOfProgramming", "01_BasicsOfProgramming", "{7E287A51-DDD8-41E4-9A72-F06E19475640}"
EndProject
Project("{2150E333-8FDC-42A3-9474-1A3956D46DE8}") = "Lessons", "Lessons", "{24F50841-1013-4898-A32D-E5E739EC9958}"
EndProject
Project("{2150E333-8FDC-42A3-9474-1A3956D46DE8}") = "Practice", "Practice", "{37519CD1-2267-4121-9551-76B418004E43}"
EndProject
Project("{FAE04EC0-301F-11D3-BF4B-00C04F79EFBC}") = "Practice", "Practice\Practice.csproj", "{FEF87775-378C-4180-B9DC-C16A4FB5DFF4}"
EndProject
Project("{FAE04EC0-301F-11D3-BF4B-00C04F79EFBC}") = "_01_Variables", "_01_Variables\_01_Variables.csproj", "{387EA9FB-5696-4527-86BD-8942549393D5}"
EndProject
Project("{FAE04EC0-301F-11D3-BF4B-00C04F79EFBC}") = "_03_Pictures", "_03_Pictures\_03_Pictures.csproj", "{983A9E30-6AEA-4481-834C-AA2D2CC59705}"
EndProject
Global
	GlobalSection(SolutionConfigurationPlatforms) = preSolution
		Debug|Any CPU = Debug|Any CPU
		Release|Any CPU = Release|Any CPU
	EndGlobalSection
	GlobalSection(NestedProjects) = preSolution
		{24F50841-1013-4898-A32D-E5E739EC9958} = {7E287A51-DDD8-41E4-9A72-F06E19475640}
		{37519CD1-2267-4121-9551-76B418004E43} = {7E287A51-DDD8-41E4-9A72-F06E19475640}
		{FEF87775-378C-4180-B9DC-C16A4FB5DFF4} = {24F50841-1013-4898-A32D-E5E739EC9958}
		{387EA9FB-5696-4527-86BD-8942549393D5} = {37519CD1-2267-4121-9551-76B418004E43}
		{983A9E30-6AEA-4481-834C-AA2D2CC59705} = {37519CD1-2267-4121-9551-76B418004E43}
	EndGlobalSection
	GlobalSection(ProjectConfigurationPlatforms) = postSolution
		{FEF87775-378C-4180-B9DC-C16A4FB5DFF4}.Debug|Any CPU.ActiveCfg = Debug|Any CPU
		{FEF87775-378C-4180-B9DC-C16A4FB5DFF4}.Debug|Any CPU.Build.0 = Debug|Any CPU
		{FEF87775-378C-4180-B9DC-C16A4FB5DFF4}.Release|Any CPU.ActiveCfg = Release|Any CPU
		{FEF87775-378C-4180-B9DC-C16A4FB5DFF4}.Release|Any CPU.Build.0 = Release|Any CPU
		{387EA9FB-5696-4527-86BD-8942549393D5}.Debug|Any CPU.ActiveCfg = Debug|Any CPU
		{387EA9FB-5696-4527-86BD-8942549393D5}.Debug|Any CPU.Build.0 = Debug|Any CPU
		{387EA9FB-5696-4527-86BD-8942549393D5}.Release|Any CPU.ActiveCfg = Release|Any CPU
		{387EA9FB-5696-4527-86BD-8942549393D5}.Release|Any CPU.Build.0 = Release|Any CPU
		{983A9E30-6AEA-4481-834C-AA2D2CC59705}.Debug|Any CPU.ActiveCfg = Debug|Any CPU
		{983A9E30-6AEA-4481-834C-AA2D2CC59705}.Debug|Any CPU.Build.0 = Debug|Any CPU
		{983A9E30-6AEA-4481-834C-AA2D2CC59705}.Release|Any CPU.ActiveCfg = Release|Any CPU
		{983A9E30-6AEA-4481-834C-AA2D2CC59705}.Release|Any CPU.Build.0 = Release|Any CPU
	EndGlobalSection
EndGlobal
