
Microsoft Visual Studio Solution File, Format Version 12.00
Project("{2150E333-8FDC-42A3-9474-1A3956D46DE8}") = "01_BasicsOfProgramming", "01_BasicsOfProgramming", "{7E287A51-DDD8-41E4-9A72-F06E19475640}"
EndProject
Project("{2150E333-8FDC-42A3-9474-1A3956D46DE8}") = "Lessons", "Lessons", "{24F50841-1013-4898-A32D-E5E739EC9958}"
EndProject
Project("{2150E333-8FDC-42A3-9474-1A3956D46DE8}") = "Practice", "Practice", "{37519CD1-2267-4121-9551-76B418004E43}"
EndProject
Project("{FAE04EC0-301F-11D3-BF4B-00C04F79EFBC}") = "Practice", "Practice\Practice.csproj", "{FEF87775-378C-4180-B9DC-C16A4FB5DFF4}"
EndProject
Project("{FAE04EC0-301F-11D3-BF4B-00C04F79EFBC}") = "_01_BasicsOfProgramming_01_Variables", "_01_BasicsOfProgramming_01_Variables\_01_BasicsOfProgramming_01_Variables.csproj", "{387EA9FB-5696-4527-86BD-8942549393D5}"
EndProject
Project("{FAE04EC0-301F-11D3-BF4B-00C04F79EFBC}") = "_01_BasicsOfProgramming_04_Pictures", "_01_BasicsOfProgramming_04_Pictures\_01_BasicsOfProgramming_04_Pictures.csproj", "{983A9E30-6AEA-4481-834C-AA2D2CC59705}"
EndProject
Project("{FAE04EC0-301F-11D3-BF4B-00C04F79EFBC}") = "_01_BasicsOfProgramming_06_Store", "_01_BasicsOfProgramming_06_Store\_01_BasicsOfProgramming_06_Store.csproj", "{E4E99BC1-E57D-4723-A55F-43A8A825B32C}"
EndProject
Project("{FAE04EC0-301F-11D3-BF4B-00C04F79EFBC}") = "_01_BasicsOfProgramming_07_Queue", "_01_BasicsOfProgramming_07_Queue\_01_BasicsOfProgramming_07_Queue.csproj", "{DA55011C-BAD0-45D3-8A50-3D9CC70C3807}"
EndProject
Project("{FAE04EC0-301F-11D3-BF4B-00C04F79EFBC}") = "_01_BasicsOfProgramming_03_Strings", "_01_BasicsOfProgramming_03_Strings\_01_BasicsOfProgramming_03_Strings.csproj", "{A5F15D66-BCF8-471A-920D-4E57E2E792AD}"
EndProject
Project("{2150E333-8FDC-42A3-9474-1A3956D46DE8}") = "02_ConditionalsAndLoops", "02_ConditionalsAndLoops", "{C646D370-5B3D-4A3C-9D1C-31FF762343A2}"
EndProject
Project("{2150E333-8FDC-42A3-9474-1A3956D46DE8}") = "Practice", "Practice", "{804A220B-39BE-4CC3-9EE8-386DC6FF7231}"
EndProject
Project("{FAE04EC0-301F-11D3-BF4B-00C04F79EFBC}") = "_02_ConditionalsAndLoops_01_Cycles", "_02_ConditionalsAndLoops_01_Cycles\_02_ConditionalsAndLoops_01_Cycles.csproj", "{62547F74-200F-44EE-8166-30CB73745256}"
EndProject
Project("{FAE04EC0-301F-11D3-BF4B-00C04F79EFBC}") = "_02_ConditionalsAndLoops_02_ExitControl", "_02_ConditionalsAndLoops_02_ExitControl\_02_ConditionalsAndLoops_02_ExitControl.csproj", "{599DB632-945D-4989-AEB2-5678B7F29B98}"
EndProject
Project("{FAE04EC0-301F-11D3-BF4B-00C04F79EFBC}") = "_02_ConditionalsAndLoops_05_CurrencyConverter", "_02_ConditionalsAndLoops_05_CurrencyConverter\_02_ConditionalsAndLoops_05_CurrencyConverter.csproj", "{C55ACEDE-E5E8-42AB-AA9F-5705BC6C46A1}"
EndProject
Project("{FAE04EC0-301F-11D3-BF4B-00C04F79EFBC}") = "_02_ConditionalsAndLoops_06_ConsoleMenu", "_02_ConditionalsAndLoops_06_ConsoleMenu\_02_ConditionalsAndLoops_06_ConsoleMenu.csproj", "{B91035C6-53AF-4093-B848-DC7AEE6FC934}"
EndProject
Project("{FAE04EC0-301F-11D3-BF4B-00C04F79EFBC}") = "_02_ConditionalsAndLoops_03_Sequence", "_02_ConditionalsAndLoops_03_Sequence\_02_ConditionalsAndLoops_03_Sequence.csproj", "{B7B2E4A4-42AC-41C9-8C6E-22262316952A}"
EndProject
Project("{FAE04EC0-301F-11D3-BF4B-00C04F79EFBC}") = "_02_ConditionalsAndLoops_07_NameOutput", "_02_ConditionalsAndLoops_07_NameOutput\_02_ConditionalsAndLoops_07_NameOutput.csproj", "{CDC8956A-2A4F-41F4-B8C7-46580694B201}"
EndProject
Project("{FAE04EC0-301F-11D3-BF4B-00C04F79EFBC}") = "_02_ConditionalsAndLoops_08_PasswordProgram", "_02_ConditionalsAndLoops_08_PasswordProgram\_02_ConditionalsAndLoops_08_PasswordProgram.csproj", "{23A02A6D-DDD2-4B3F-9A25-F3AAF21E9121}"
EndProject
Project("{FAE04EC0-301F-11D3-BF4B-00C04F79EFBC}") = "_02_ConditionalsAndLoops_12_BossFight", "_02_ConditionalsAndLoops_12_BossFight\_02_ConditionalsAndLoops_12_BossFight.csproj", "{8EE343A0-CB5B-4C7C-B568-5E09C931E7CA}"
EndProject
Project("{2150E333-8FDC-42A3-9474-1A3956D46DE8}") = "03_Arrays", "03_Arrays", "{CC93711E-B155-4BD7-9D6E-ED7BDB46511A}"
EndProject
Project("{2150E333-8FDC-42A3-9474-1A3956D46DE8}") = "Practice", "Practice", "{E8ECD51B-9F79-4AFC-BADD-1900EB066D37}"
EndProject
Project("{FAE04EC0-301F-11D3-BF4B-00C04F79EFBC}") = "_03_Arrays_01_TargetElement", "_03_Arrays_01_TargetElement\_03_Arrays_01_TargetElement.csproj", "{4C3A5F6A-1F6D-4AC3-86C9-42A13DE28565}"
EndProject
Project("{FAE04EC0-301F-11D3-BF4B-00C04F79EFBC}") = "_03_Arrays_02_MaxElement", "_03_Arrays_02_MaxElement\_03_Arrays_02_MaxElement.csproj", "{F5369540-D5EB-4CB3-B319-FAE6E44E1BE1}"
EndProject
Project("{FAE04EC0-301F-11D3-BF4B-00C04F79EFBC}") = "_03_Arrays_03_LocalMax", "_03_Arrays_03_LocalMax\_03_Arrays_03_LocalMax.csproj", "{AB536D51-4B5F-489C-9850-A6F4814F6217}"
EndProject
Project("{FAE04EC0-301F-11D3-BF4B-00C04F79EFBC}") = "_03_Arrays_04_DynamicArray", "_03_Arrays_04_DynamicArray\_03_Arrays_04_DynamicArray.csproj", "{26F5966F-001A-4EA6-99DD-4CBB5D2A5E4D}"
EndProject
Project("{2150E333-8FDC-42A3-9474-1A3956D46DE8}") = "04_Functions", "04_Functions", "{348ADC7C-CA29-4527-8DB0-24154357B2DA}"
EndProject
Project("{2150E333-8FDC-42A3-9474-1A3956D46DE8}") = "Practice", "Practice", "{58CD1586-ECA7-43A0-9B89-7D4C88581538}"
EndProject
Project("{FAE04EC0-301F-11D3-BF4B-00C04F79EFBC}") = "_04_Functions_01_PersonnelAccounting", "_04_Functions_01_PersonnelAccounting\_04_Functions_01_PersonnelAccounting.csproj", "{7AE1A192-4710-4AA0-A4FE-4111BC2B9AF6}"
EndProject
Project("{FAE04EC0-301F-11D3-BF4B-00C04F79EFBC}") = "_04_Functions_02_UIElement", "_04_Functions_02_UIElement\_04_Functions_02_UIElement.csproj", "{0FA2B9DF-EFCA-4C21-8C03-FF2CA0E99018}"
EndProject
Project("{FAE04EC0-301F-11D3-BF4B-00C04F79EFBC}") = "_04_Functions_03_ReadInt", "_04_Functions_03_ReadInt\_04_Functions_03_ReadInt.csproj", "{A82D694A-612F-4723-8440-D2292FFFE27A}"
EndProject
Project("{FAE04EC0-301F-11D3-BF4B-00C04F79EFBC}") = "_04_Functions_04_BraveNewWorld", "_04_Functions_04_BraveNewWorld\_04_Functions_04_BraveNewWorld.csproj", "{95CD30C1-3DFE-4963-9408-0828F2ABFEC9}"
EndProject
Project("{FAE04EC0-301F-11D3-BF4B-00C04F79EFBC}") = "_04_Functions_05_KansasCityShuffle", "_04_Functions_05_KansasCityShuffle\_04_Functions_05_KansasCityShuffle.csproj", "{AE426CFC-C468-427D-96AB-063F854F7C05}"
EndProject
Project("{2150E333-8FDC-42A3-9474-1A3956D46DE8}") = "05_Collections", "05_Collections", "{E5C9E4EA-4993-4CF2-8718-619B0F449161}"
EndProject
Project("{2150E333-8FDC-42A3-9474-1A3956D46DE8}") = "Practice", "Practice", "{8709730A-3434-40E6-9A76-783E42D16351}"
EndProject
Project("{FAE04EC0-301F-11D3-BF4B-00C04F79EFBC}") = "_05_Collections_01_Dictionary", "_05_Collections_01_Dictionary\_05_Collections_01_Dictionary.csproj", "{E995DB67-FC28-4191-9F5C-284132977E9A}"
EndProject
Project("{FAE04EC0-301F-11D3-BF4B-00C04F79EFBC}") = "_05_Collections_02_StoreQueue", "_05_Collections_02_StoreQueue\_05_Collections_02_StoreQueue.csproj", "{A245D74C-A11E-46E8-8F00-8E7D150A2A7B}"
EndProject
Project("{FAE04EC0-301F-11D3-BF4B-00C04F79EFBC}") = "_05_Collections_03_DynamicArrayPro", "_05_Collections_03_DynamicArrayPro\_05_Collections_03_DynamicArrayPro.csproj", "{D087B72A-35CD-4BF4-85F8-D342CFEBCD00}"
EndProject
Project("{FAE04EC0-301F-11D3-BF4B-00C04F79EFBC}") = "_05_Collections_04_PersonalAccountingPro", "_05_Collections_04_PersonalAccountingPro\_05_Collections_04_PersonalAccountingPro.csproj", "{D39E44B4-A072-4DB3-A457-75D6456C0335}"
EndProject
Project("{2150E333-8FDC-42A3-9474-1A3956D46DE8}") = "06_OOP", "06_OOP", "{38A9104E-D473-4C7A-9F23-38C2EAF73923}"
EndProject
Project("{2150E333-8FDC-42A3-9474-1A3956D46DE8}") = "Practice", "Practice", "{2B7D217F-A3F6-4891-AFCF-FC177F65F66D}"
EndProject
Project("{FAE04EC0-301F-11D3-BF4B-00C04F79EFBC}") = "_06_OOP_01_WorkingWithClasses", "_06_OOP_01_WorkingWithClasses\_06_OOP_01_WorkingWithClasses.csproj", "{7005572D-6FDC-4B08-9AC8-18EC2D8598D0}"
EndProject
Project("{FAE04EC0-301F-11D3-BF4B-00C04F79EFBC}") = "_06_OOP_02_WorkingWithProperties", "_06_OOP_02_WorkingWithProperties\_06_OOP_02_WorkingWithProperties.csproj", "{A0EFD398-FD2C-42DA-B411-0D23987582BF}"
EndProject
Project("{FAE04EC0-301F-11D3-BF4B-00C04F79EFBC}") = "_06_OOP_03_GamersDatabase", "_06_OOP_03_GamersDatabase\_06_OOP_03_GamersDatabase.csproj", "{63F05233-BDDF-4642-ABFD-1A0DA8FAD90F}"
EndProject
Project("{FAE04EC0-301F-11D3-BF4B-00C04F79EFBC}") = "_06_OOP_06_Store", "_06_OOP_06_Store\_06_OOP_06_Store.csproj", "{BADF1FFD-15F9-47DE-B204-54F502D3DEEF}"
EndProject
Project("{FAE04EC0-301F-11D3-BF4B-00C04F79EFBC}") = "_06_OOP_07_PassengerTrainConfigurator", "_06_OOP_07_PassengerTrainConfigurator\_06_OOP_07_PassengerTrainConfigurator.csproj", "{04723D5F-3E04-47DD-B0BD-02B460D02D62}"
EndProject
Project("{FAE04EC0-301F-11D3-BF4B-00C04F79EFBC}") = "_06_OOP_08_GladiatorFights", "_06_OOP_08_GladiatorFights\_06_OOP_08_GladiatorFights.csproj", "{96142D34-0CEA-4E9A-B862-539767C01ADE}"
EndProject
Project("{FAE04EC0-301F-11D3-BF4B-00C04F79EFBC}") = "_06_OOP_09_Supermarket", "_06_OOP_09_Supermarket\_06_OOP_09_Supermarket.csproj", "{96F4CFEC-535C-4064-BBA2-3A0D2626FF9D}"
EndProject
Project("{FAE04EC0-301F-11D3-BF4B-00C04F79EFBC}") = "_06_OOP_10_TheWar", "_06_OOP_10_TheWar\_06_OOP_10_TheWar.csproj", "{12334D8B-62C3-4A59-82EE-7B8D35D358A7}"
EndProject
Project("{FAE04EC0-301F-11D3-BF4B-00C04F79EFBC}") = "_06_OOP_11_Aquarium", "_06_OOP_11_Aquarium\_06_OOP_11_Aquarium.csproj", "{944A8850-4503-4B00-86A2-93FEF2D60068}"
EndProject
Project("{FAE04EC0-301F-11D3-BF4B-00C04F79EFBC}") = "_06_OOP_12_Zoo", "_06_OOP_12_Zoo\_06_OOP_12_Zoo.csproj", "{04E5F118-90AF-467E-9369-DD9DFE5D556A}"
EndProject
Project("{FAE04EC0-301F-11D3-BF4B-00C04F79EFBC}") = "_06_OOP_13_CarService", "_06_OOP_13_CarService\_06_OOP_13_CarService.csproj", "{CF199837-ADBC-48FE-9037-8A3A05271A04}"
EndProject
Project("{FAE04EC0-301F-11D3-BF4B-00C04F79EFBC}") = "_01_BasicsOfProgramming_05_SwitchValues", "_01_BasicsOfProgramming_05_SwitchValues\_01_BasicsOfProgramming_05_SwitchValues.csproj", "{D175D320-5A66-4A79-B991-893F92527A7E}"
EndProject
Project("{FAE04EC0-301F-11D3-BF4B-00C04F79EFBC}") = "_02_ConditionalsAndLoops_04_SumOfNumbers", "_02_ConditionalsAndLoops_04_SumOfNumbers\_02_ConditionalsAndLoops_04_SumOfNumbers.csproj", "{5152D66A-C39A-4D73-ACCE-21D318F78C93}"
EndProject
Project("{FAE04EC0-301F-11D3-BF4B-00C04F79EFBC}") = "_02_ConditionalsAndLoops_09_MultipleNumbers", "_02_ConditionalsAndLoops_09_MultipleNumbers\_02_ConditionalsAndLoops_09_MultipleNumbers.csproj", "{1838FCA5-0D20-4975-B73F-EB9FA971CC44}"
EndProject
Project("{FAE04EC0-301F-11D3-BF4B-00C04F79EFBC}") = "_02_ConditionalsAndLoops_10_PowerOfTwo", "_02_ConditionalsAndLoops_10_PowerOfTwo\_02_ConditionalsAndLoops_10_PowerOfTwo.csproj", "{5044F589-9CD6-4676-8C49-A9835F64E687}"
EndProject
Project("{FAE04EC0-301F-11D3-BF4B-00C04F79EFBC}") = "_02_ConditionalsAndLoops_11_BracketExpression", "_02_ConditionalsAndLoops_11_BracketExpression\_02_ConditionalsAndLoops_11_BracketExpression.csproj", "{7B6EABF0-8A27-4560-ADD1-86971EE7F650}"
EndProject
Project("{FAE04EC0-301F-11D3-BF4B-00C04F79EFBC}") = "_03_Arrays_05_Subarray", "_03_Arrays_05_Subarray\_03_Arrays_05_Subarray.csproj", "{3E6BA4D7-F3DD-49B7-8D38-DC163167C796}"
EndProject
Project("{FAE04EC0-301F-11D3-BF4B-00C04F79EFBC}") = "_03_Arrays_06_NumbersSorting", "_03_Arrays_06_NumbersSorting\_03_Arrays_06_NumbersSorting.csproj", "{3477F1AE-8B8E-4BF2-8772-B6CC9DA0009E}"
EndProject
Project("{FAE04EC0-301F-11D3-BF4B-00C04F79EFBC}") = "_03_Arrays_07_Split", "_03_Arrays_07_Split\_03_Arrays_07_Split.csproj", "{3675690F-BC51-4C0A-A8D9-3C5F74C5DA25}"
EndProject
Project("{FAE04EC0-301F-11D3-BF4B-00C04F79EFBC}") = "_03_Arrays_08_Shift", "_03_Arrays_08_Shift\_03_Arrays_08_Shift.csproj", "{0E4234ED-21A6-42CC-9800-20A7AD2B1A19}"
EndProject
Project("{FAE04EC0-301F-11D3-BF4B-00C04F79EFBC}") = "_05_Collections_05_MergeIntoOneCollection", "_05_Collections_05_MergeIntoOneCollection\_05_Collections_05_MergeIntoOneCollection.csproj", "{DDD48C2C-8538-421C-99BA-AA85D24BB650}"
EndProject
Project("{FAE04EC0-301F-11D3-BF4B-00C04F79EFBC}") = "_06_OOP_04_CardDeck", "_06_OOP_04_CardDeck\_06_OOP_04_CardDeck.csproj", "{06EFF517-0AC1-4DEF-A9D3-240074A579E8}"
EndProject
Project("{FAE04EC0-301F-11D3-BF4B-00C04F79EFBC}") = "_06_OOP_05_BookStorage", "_06_OOP_05_BookStorage\_06_OOP_05_BookStorage.csproj", "{C7B7F136-A057-44E2-A070-044789D206B0}"
EndProject
Global
	GlobalSection(SolutionConfigurationPlatforms) = preSolution
		Debug|Any CPU = Debug|Any CPU
		Release|Any CPU = Release|Any CPU
	EndGlobalSection
	GlobalSection(NestedProjects) = preSolution
		{24F50841-1013-4898-A32D-E5E739EC9958} = {7E287A51-DDD8-41E4-9A72-F06E19475640}
		{37519CD1-2267-4121-9551-76B418004E43} = {7E287A51-DDD8-41E4-9A72-F06E19475640}
		{FEF87775-378C-4180-B9DC-C16A4FB5DFF4} = {24F50841-1013-4898-A32D-E5E739EC9958}
		{387EA9FB-5696-4527-86BD-8942549393D5} = {37519CD1-2267-4121-9551-76B418004E43}
		{983A9E30-6AEA-4481-834C-AA2D2CC59705} = {37519CD1-2267-4121-9551-76B418004E43}
		{E4E99BC1-E57D-4723-A55F-43A8A825B32C} = {37519CD1-2267-4121-9551-76B418004E43}
		{DA55011C-BAD0-45D3-8A50-3D9CC70C3807} = {37519CD1-2267-4121-9551-76B418004E43}
		{A5F15D66-BCF8-471A-920D-4E57E2E792AD} = {37519CD1-2267-4121-9551-76B418004E43}
		{804A220B-39BE-4CC3-9EE8-386DC6FF7231} = {C646D370-5B3D-4A3C-9D1C-31FF762343A2}
		{62547F74-200F-44EE-8166-30CB73745256} = {804A220B-39BE-4CC3-9EE8-386DC6FF7231}
		{599DB632-945D-4989-AEB2-5678B7F29B98} = {804A220B-39BE-4CC3-9EE8-386DC6FF7231}
		{C55ACEDE-E5E8-42AB-AA9F-5705BC6C46A1} = {804A220B-39BE-4CC3-9EE8-386DC6FF7231}
		{B91035C6-53AF-4093-B848-DC7AEE6FC934} = {804A220B-39BE-4CC3-9EE8-386DC6FF7231}
		{B7B2E4A4-42AC-41C9-8C6E-22262316952A} = {804A220B-39BE-4CC3-9EE8-386DC6FF7231}
		{CDC8956A-2A4F-41F4-B8C7-46580694B201} = {804A220B-39BE-4CC3-9EE8-386DC6FF7231}
		{23A02A6D-DDD2-4B3F-9A25-F3AAF21E9121} = {804A220B-39BE-4CC3-9EE8-386DC6FF7231}
		{8EE343A0-CB5B-4C7C-B568-5E09C931E7CA} = {804A220B-39BE-4CC3-9EE8-386DC6FF7231}
		{E8ECD51B-9F79-4AFC-BADD-1900EB066D37} = {CC93711E-B155-4BD7-9D6E-ED7BDB46511A}
		{4C3A5F6A-1F6D-4AC3-86C9-42A13DE28565} = {E8ECD51B-9F79-4AFC-BADD-1900EB066D37}
		{F5369540-D5EB-4CB3-B319-FAE6E44E1BE1} = {E8ECD51B-9F79-4AFC-BADD-1900EB066D37}
		{AB536D51-4B5F-489C-9850-A6F4814F6217} = {E8ECD51B-9F79-4AFC-BADD-1900EB066D37}
		{26F5966F-001A-4EA6-99DD-4CBB5D2A5E4D} = {E8ECD51B-9F79-4AFC-BADD-1900EB066D37}
		{58CD1586-ECA7-43A0-9B89-7D4C88581538} = {348ADC7C-CA29-4527-8DB0-24154357B2DA}
		{7AE1A192-4710-4AA0-A4FE-4111BC2B9AF6} = {58CD1586-ECA7-43A0-9B89-7D4C88581538}
		{0FA2B9DF-EFCA-4C21-8C03-FF2CA0E99018} = {58CD1586-ECA7-43A0-9B89-7D4C88581538}
		{A82D694A-612F-4723-8440-D2292FFFE27A} = {58CD1586-ECA7-43A0-9B89-7D4C88581538}
		{95CD30C1-3DFE-4963-9408-0828F2ABFEC9} = {58CD1586-ECA7-43A0-9B89-7D4C88581538}
		{AE426CFC-C468-427D-96AB-063F854F7C05} = {58CD1586-ECA7-43A0-9B89-7D4C88581538}
		{8709730A-3434-40E6-9A76-783E42D16351} = {E5C9E4EA-4993-4CF2-8718-619B0F449161}
		{E995DB67-FC28-4191-9F5C-284132977E9A} = {8709730A-3434-40E6-9A76-783E42D16351}
		{A245D74C-A11E-46E8-8F00-8E7D150A2A7B} = {8709730A-3434-40E6-9A76-783E42D16351}
		{D087B72A-35CD-4BF4-85F8-D342CFEBCD00} = {8709730A-3434-40E6-9A76-783E42D16351}
		{D39E44B4-A072-4DB3-A457-75D6456C0335} = {8709730A-3434-40E6-9A76-783E42D16351}
		{2B7D217F-A3F6-4891-AFCF-FC177F65F66D} = {38A9104E-D473-4C7A-9F23-38C2EAF73923}
		{7005572D-6FDC-4B08-9AC8-18EC2D8598D0} = {2B7D217F-A3F6-4891-AFCF-FC177F65F66D}
		{A0EFD398-FD2C-42DA-B411-0D23987582BF} = {2B7D217F-A3F6-4891-AFCF-FC177F65F66D}
		{63F05233-BDDF-4642-ABFD-1A0DA8FAD90F} = {2B7D217F-A3F6-4891-AFCF-FC177F65F66D}
		{BADF1FFD-15F9-47DE-B204-54F502D3DEEF} = {2B7D217F-A3F6-4891-AFCF-FC177F65F66D}
		{04723D5F-3E04-47DD-B0BD-02B460D02D62} = {2B7D217F-A3F6-4891-AFCF-FC177F65F66D}
		{96142D34-0CEA-4E9A-B862-539767C01ADE} = {2B7D217F-A3F6-4891-AFCF-FC177F65F66D}
		{96F4CFEC-535C-4064-BBA2-3A0D2626FF9D} = {2B7D217F-A3F6-4891-AFCF-FC177F65F66D}
		{12334D8B-62C3-4A59-82EE-7B8D35D358A7} = {2B7D217F-A3F6-4891-AFCF-FC177F65F66D}
		{944A8850-4503-4B00-86A2-93FEF2D60068} = {2B7D217F-A3F6-4891-AFCF-FC177F65F66D}
		{04E5F118-90AF-467E-9369-DD9DFE5D556A} = {2B7D217F-A3F6-4891-AFCF-FC177F65F66D}
		{CF199837-ADBC-48FE-9037-8A3A05271A04} = {2B7D217F-A3F6-4891-AFCF-FC177F65F66D}
		{D175D320-5A66-4A79-B991-893F92527A7E} = {37519CD1-2267-4121-9551-76B418004E43}
		{5152D66A-C39A-4D73-ACCE-21D318F78C93} = {804A220B-39BE-4CC3-9EE8-386DC6FF7231}
		{1838FCA5-0D20-4975-B73F-EB9FA971CC44} = {804A220B-39BE-4CC3-9EE8-386DC6FF7231}
		{5044F589-9CD6-4676-8C49-A9835F64E687} = {804A220B-39BE-4CC3-9EE8-386DC6FF7231}
		{7B6EABF0-8A27-4560-ADD1-86971EE7F650} = {804A220B-39BE-4CC3-9EE8-386DC6FF7231}
		{3E6BA4D7-F3DD-49B7-8D38-DC163167C796} = {E8ECD51B-9F79-4AFC-BADD-1900EB066D37}
		{3477F1AE-8B8E-4BF2-8772-B6CC9DA0009E} = {E8ECD51B-9F79-4AFC-BADD-1900EB066D37}
		{3675690F-BC51-4C0A-A8D9-3C5F74C5DA25} = {E8ECD51B-9F79-4AFC-BADD-1900EB066D37}
		{0E4234ED-21A6-42CC-9800-20A7AD2B1A19} = {E8ECD51B-9F79-4AFC-BADD-1900EB066D37}
		{DDD48C2C-8538-421C-99BA-AA85D24BB650} = {8709730A-3434-40E6-9A76-783E42D16351}
		{06EFF517-0AC1-4DEF-A9D3-240074A579E8} = {2B7D217F-A3F6-4891-AFCF-FC177F65F66D}
		{C7B7F136-A057-44E2-A070-044789D206B0} = {2B7D217F-A3F6-4891-AFCF-FC177F65F66D}
	EndGlobalSection
	GlobalSection(ProjectConfigurationPlatforms) = postSolution
		{FEF87775-378C-4180-B9DC-C16A4FB5DFF4}.Debug|Any CPU.ActiveCfg = Debug|Any CPU
		{FEF87775-378C-4180-B9DC-C16A4FB5DFF4}.Debug|Any CPU.Build.0 = Debug|Any CPU
		{FEF87775-378C-4180-B9DC-C16A4FB5DFF4}.Release|Any CPU.ActiveCfg = Release|Any CPU
		{FEF87775-378C-4180-B9DC-C16A4FB5DFF4}.Release|Any CPU.Build.0 = Release|Any CPU
		{387EA9FB-5696-4527-86BD-8942549393D5}.Debug|Any CPU.ActiveCfg = Debug|Any CPU
		{387EA9FB-5696-4527-86BD-8942549393D5}.Debug|Any CPU.Build.0 = Debug|Any CPU
		{387EA9FB-5696-4527-86BD-8942549393D5}.Release|Any CPU.ActiveCfg = Release|Any CPU
		{387EA9FB-5696-4527-86BD-8942549393D5}.Release|Any CPU.Build.0 = Release|Any CPU
		{983A9E30-6AEA-4481-834C-AA2D2CC59705}.Debug|Any CPU.ActiveCfg = Debug|Any CPU
		{983A9E30-6AEA-4481-834C-AA2D2CC59705}.Debug|Any CPU.Build.0 = Debug|Any CPU
		{983A9E30-6AEA-4481-834C-AA2D2CC59705}.Release|Any CPU.ActiveCfg = Release|Any CPU
		{983A9E30-6AEA-4481-834C-AA2D2CC59705}.Release|Any CPU.Build.0 = Release|Any CPU
		{E4E99BC1-E57D-4723-A55F-43A8A825B32C}.Debug|Any CPU.ActiveCfg = Debug|Any CPU
		{E4E99BC1-E57D-4723-A55F-43A8A825B32C}.Debug|Any CPU.Build.0 = Debug|Any CPU
		{E4E99BC1-E57D-4723-A55F-43A8A825B32C}.Release|Any CPU.ActiveCfg = Release|Any CPU
		{E4E99BC1-E57D-4723-A55F-43A8A825B32C}.Release|Any CPU.Build.0 = Release|Any CPU
		{DA55011C-BAD0-45D3-8A50-3D9CC70C3807}.Debug|Any CPU.ActiveCfg = Debug|Any CPU
		{DA55011C-BAD0-45D3-8A50-3D9CC70C3807}.Debug|Any CPU.Build.0 = Debug|Any CPU
		{DA55011C-BAD0-45D3-8A50-3D9CC70C3807}.Release|Any CPU.ActiveCfg = Release|Any CPU
		{DA55011C-BAD0-45D3-8A50-3D9CC70C3807}.Release|Any CPU.Build.0 = Release|Any CPU
		{A5F15D66-BCF8-471A-920D-4E57E2E792AD}.Debug|Any CPU.ActiveCfg = Debug|Any CPU
		{A5F15D66-BCF8-471A-920D-4E57E2E792AD}.Debug|Any CPU.Build.0 = Debug|Any CPU
		{A5F15D66-BCF8-471A-920D-4E57E2E792AD}.Release|Any CPU.ActiveCfg = Release|Any CPU
		{A5F15D66-BCF8-471A-920D-4E57E2E792AD}.Release|Any CPU.Build.0 = Release|Any CPU
		{62547F74-200F-44EE-8166-30CB73745256}.Debug|Any CPU.ActiveCfg = Debug|Any CPU
		{62547F74-200F-44EE-8166-30CB73745256}.Debug|Any CPU.Build.0 = Debug|Any CPU
		{62547F74-200F-44EE-8166-30CB73745256}.Release|Any CPU.ActiveCfg = Release|Any CPU
		{62547F74-200F-44EE-8166-30CB73745256}.Release|Any CPU.Build.0 = Release|Any CPU
		{599DB632-945D-4989-AEB2-5678B7F29B98}.Debug|Any CPU.ActiveCfg = Debug|Any CPU
		{599DB632-945D-4989-AEB2-5678B7F29B98}.Debug|Any CPU.Build.0 = Debug|Any CPU
		{599DB632-945D-4989-AEB2-5678B7F29B98}.Release|Any CPU.ActiveCfg = Release|Any CPU
		{599DB632-945D-4989-AEB2-5678B7F29B98}.Release|Any CPU.Build.0 = Release|Any CPU
		{C55ACEDE-E5E8-42AB-AA9F-5705BC6C46A1}.Debug|Any CPU.ActiveCfg = Debug|Any CPU
		{C55ACEDE-E5E8-42AB-AA9F-5705BC6C46A1}.Debug|Any CPU.Build.0 = Debug|Any CPU
		{C55ACEDE-E5E8-42AB-AA9F-5705BC6C46A1}.Release|Any CPU.ActiveCfg = Release|Any CPU
		{C55ACEDE-E5E8-42AB-AA9F-5705BC6C46A1}.Release|Any CPU.Build.0 = Release|Any CPU
		{B91035C6-53AF-4093-B848-DC7AEE6FC934}.Debug|Any CPU.ActiveCfg = Debug|Any CPU
		{B91035C6-53AF-4093-B848-DC7AEE6FC934}.Debug|Any CPU.Build.0 = Debug|Any CPU
		{B91035C6-53AF-4093-B848-DC7AEE6FC934}.Release|Any CPU.ActiveCfg = Release|Any CPU
		{B91035C6-53AF-4093-B848-DC7AEE6FC934}.Release|Any CPU.Build.0 = Release|Any CPU
		{B7B2E4A4-42AC-41C9-8C6E-22262316952A}.Debug|Any CPU.ActiveCfg = Debug|Any CPU
		{B7B2E4A4-42AC-41C9-8C6E-22262316952A}.Debug|Any CPU.Build.0 = Debug|Any CPU
		{B7B2E4A4-42AC-41C9-8C6E-22262316952A}.Release|Any CPU.ActiveCfg = Release|Any CPU
		{B7B2E4A4-42AC-41C9-8C6E-22262316952A}.Release|Any CPU.Build.0 = Release|Any CPU
		{CDC8956A-2A4F-41F4-B8C7-46580694B201}.Debug|Any CPU.ActiveCfg = Debug|Any CPU
		{CDC8956A-2A4F-41F4-B8C7-46580694B201}.Debug|Any CPU.Build.0 = Debug|Any CPU
		{CDC8956A-2A4F-41F4-B8C7-46580694B201}.Release|Any CPU.ActiveCfg = Release|Any CPU
		{CDC8956A-2A4F-41F4-B8C7-46580694B201}.Release|Any CPU.Build.0 = Release|Any CPU
		{23A02A6D-DDD2-4B3F-9A25-F3AAF21E9121}.Debug|Any CPU.ActiveCfg = Debug|Any CPU
		{23A02A6D-DDD2-4B3F-9A25-F3AAF21E9121}.Debug|Any CPU.Build.0 = Debug|Any CPU
		{23A02A6D-DDD2-4B3F-9A25-F3AAF21E9121}.Release|Any CPU.ActiveCfg = Release|Any CPU
		{23A02A6D-DDD2-4B3F-9A25-F3AAF21E9121}.Release|Any CPU.Build.0 = Release|Any CPU
		{8EE343A0-CB5B-4C7C-B568-5E09C931E7CA}.Debug|Any CPU.ActiveCfg = Debug|Any CPU
		{8EE343A0-CB5B-4C7C-B568-5E09C931E7CA}.Debug|Any CPU.Build.0 = Debug|Any CPU
		{8EE343A0-CB5B-4C7C-B568-5E09C931E7CA}.Release|Any CPU.ActiveCfg = Release|Any CPU
		{8EE343A0-CB5B-4C7C-B568-5E09C931E7CA}.Release|Any CPU.Build.0 = Release|Any CPU
		{4C3A5F6A-1F6D-4AC3-86C9-42A13DE28565}.Debug|Any CPU.ActiveCfg = Debug|Any CPU
		{4C3A5F6A-1F6D-4AC3-86C9-42A13DE28565}.Debug|Any CPU.Build.0 = Debug|Any CPU
		{4C3A5F6A-1F6D-4AC3-86C9-42A13DE28565}.Release|Any CPU.ActiveCfg = Release|Any CPU
		{4C3A5F6A-1F6D-4AC3-86C9-42A13DE28565}.Release|Any CPU.Build.0 = Release|Any CPU
		{F5369540-D5EB-4CB3-B319-FAE6E44E1BE1}.Debug|Any CPU.ActiveCfg = Debug|Any CPU
		{F5369540-D5EB-4CB3-B319-FAE6E44E1BE1}.Debug|Any CPU.Build.0 = Debug|Any CPU
		{F5369540-D5EB-4CB3-B319-FAE6E44E1BE1}.Release|Any CPU.ActiveCfg = Release|Any CPU
		{F5369540-D5EB-4CB3-B319-FAE6E44E1BE1}.Release|Any CPU.Build.0 = Release|Any CPU
		{AB536D51-4B5F-489C-9850-A6F4814F6217}.Debug|Any CPU.ActiveCfg = Debug|Any CPU
		{AB536D51-4B5F-489C-9850-A6F4814F6217}.Debug|Any CPU.Build.0 = Debug|Any CPU
		{AB536D51-4B5F-489C-9850-A6F4814F6217}.Release|Any CPU.ActiveCfg = Release|Any CPU
		{AB536D51-4B5F-489C-9850-A6F4814F6217}.Release|Any CPU.Build.0 = Release|Any CPU
		{26F5966F-001A-4EA6-99DD-4CBB5D2A5E4D}.Debug|Any CPU.ActiveCfg = Debug|Any CPU
		{26F5966F-001A-4EA6-99DD-4CBB5D2A5E4D}.Debug|Any CPU.Build.0 = Debug|Any CPU
		{26F5966F-001A-4EA6-99DD-4CBB5D2A5E4D}.Release|Any CPU.ActiveCfg = Release|Any CPU
		{26F5966F-001A-4EA6-99DD-4CBB5D2A5E4D}.Release|Any CPU.Build.0 = Release|Any CPU
		{7AE1A192-4710-4AA0-A4FE-4111BC2B9AF6}.Debug|Any CPU.ActiveCfg = Debug|Any CPU
		{7AE1A192-4710-4AA0-A4FE-4111BC2B9AF6}.Debug|Any CPU.Build.0 = Debug|Any CPU
		{7AE1A192-4710-4AA0-A4FE-4111BC2B9AF6}.Release|Any CPU.ActiveCfg = Release|Any CPU
		{7AE1A192-4710-4AA0-A4FE-4111BC2B9AF6}.Release|Any CPU.Build.0 = Release|Any CPU
		{0FA2B9DF-EFCA-4C21-8C03-FF2CA0E99018}.Debug|Any CPU.ActiveCfg = Debug|Any CPU
		{0FA2B9DF-EFCA-4C21-8C03-FF2CA0E99018}.Debug|Any CPU.Build.0 = Debug|Any CPU
		{0FA2B9DF-EFCA-4C21-8C03-FF2CA0E99018}.Release|Any CPU.ActiveCfg = Release|Any CPU
		{0FA2B9DF-EFCA-4C21-8C03-FF2CA0E99018}.Release|Any CPU.Build.0 = Release|Any CPU
		{A82D694A-612F-4723-8440-D2292FFFE27A}.Debug|Any CPU.ActiveCfg = Debug|Any CPU
		{A82D694A-612F-4723-8440-D2292FFFE27A}.Debug|Any CPU.Build.0 = Debug|Any CPU
		{A82D694A-612F-4723-8440-D2292FFFE27A}.Release|Any CPU.ActiveCfg = Release|Any CPU
		{A82D694A-612F-4723-8440-D2292FFFE27A}.Release|Any CPU.Build.0 = Release|Any CPU
		{95CD30C1-3DFE-4963-9408-0828F2ABFEC9}.Debug|Any CPU.ActiveCfg = Debug|Any CPU
		{95CD30C1-3DFE-4963-9408-0828F2ABFEC9}.Debug|Any CPU.Build.0 = Debug|Any CPU
		{95CD30C1-3DFE-4963-9408-0828F2ABFEC9}.Release|Any CPU.ActiveCfg = Release|Any CPU
		{95CD30C1-3DFE-4963-9408-0828F2ABFEC9}.Release|Any CPU.Build.0 = Release|Any CPU
		{AE426CFC-C468-427D-96AB-063F854F7C05}.Debug|Any CPU.ActiveCfg = Debug|Any CPU
		{AE426CFC-C468-427D-96AB-063F854F7C05}.Debug|Any CPU.Build.0 = Debug|Any CPU
		{AE426CFC-C468-427D-96AB-063F854F7C05}.Release|Any CPU.ActiveCfg = Release|Any CPU
		{AE426CFC-C468-427D-96AB-063F854F7C05}.Release|Any CPU.Build.0 = Release|Any CPU
		{E995DB67-FC28-4191-9F5C-284132977E9A}.Debug|Any CPU.ActiveCfg = Debug|Any CPU
		{E995DB67-FC28-4191-9F5C-284132977E9A}.Debug|Any CPU.Build.0 = Debug|Any CPU
		{E995DB67-FC28-4191-9F5C-284132977E9A}.Release|Any CPU.ActiveCfg = Release|Any CPU
		{E995DB67-FC28-4191-9F5C-284132977E9A}.Release|Any CPU.Build.0 = Release|Any CPU
		{A245D74C-A11E-46E8-8F00-8E7D150A2A7B}.Debug|Any CPU.ActiveCfg = Debug|Any CPU
		{A245D74C-A11E-46E8-8F00-8E7D150A2A7B}.Debug|Any CPU.Build.0 = Debug|Any CPU
		{A245D74C-A11E-46E8-8F00-8E7D150A2A7B}.Release|Any CPU.ActiveCfg = Release|Any CPU
		{A245D74C-A11E-46E8-8F00-8E7D150A2A7B}.Release|Any CPU.Build.0 = Release|Any CPU
		{D087B72A-35CD-4BF4-85F8-D342CFEBCD00}.Debug|Any CPU.ActiveCfg = Debug|Any CPU
		{D087B72A-35CD-4BF4-85F8-D342CFEBCD00}.Debug|Any CPU.Build.0 = Debug|Any CPU
		{D087B72A-35CD-4BF4-85F8-D342CFEBCD00}.Release|Any CPU.ActiveCfg = Release|Any CPU
		{D087B72A-35CD-4BF4-85F8-D342CFEBCD00}.Release|Any CPU.Build.0 = Release|Any CPU
		{D39E44B4-A072-4DB3-A457-75D6456C0335}.Debug|Any CPU.ActiveCfg = Debug|Any CPU
		{D39E44B4-A072-4DB3-A457-75D6456C0335}.Debug|Any CPU.Build.0 = Debug|Any CPU
		{D39E44B4-A072-4DB3-A457-75D6456C0335}.Release|Any CPU.ActiveCfg = Release|Any CPU
		{D39E44B4-A072-4DB3-A457-75D6456C0335}.Release|Any CPU.Build.0 = Release|Any CPU
		{7005572D-6FDC-4B08-9AC8-18EC2D8598D0}.Debug|Any CPU.ActiveCfg = Debug|Any CPU
		{7005572D-6FDC-4B08-9AC8-18EC2D8598D0}.Debug|Any CPU.Build.0 = Debug|Any CPU
		{7005572D-6FDC-4B08-9AC8-18EC2D8598D0}.Release|Any CPU.ActiveCfg = Release|Any CPU
		{7005572D-6FDC-4B08-9AC8-18EC2D8598D0}.Release|Any CPU.Build.0 = Release|Any CPU
		{A0EFD398-FD2C-42DA-B411-0D23987582BF}.Debug|Any CPU.ActiveCfg = Debug|Any CPU
		{A0EFD398-FD2C-42DA-B411-0D23987582BF}.Debug|Any CPU.Build.0 = Debug|Any CPU
		{A0EFD398-FD2C-42DA-B411-0D23987582BF}.Release|Any CPU.ActiveCfg = Release|Any CPU
		{A0EFD398-FD2C-42DA-B411-0D23987582BF}.Release|Any CPU.Build.0 = Release|Any CPU
		{63F05233-BDDF-4642-ABFD-1A0DA8FAD90F}.Debug|Any CPU.ActiveCfg = Debug|Any CPU
		{63F05233-BDDF-4642-ABFD-1A0DA8FAD90F}.Debug|Any CPU.Build.0 = Debug|Any CPU
		{63F05233-BDDF-4642-ABFD-1A0DA8FAD90F}.Release|Any CPU.ActiveCfg = Release|Any CPU
		{63F05233-BDDF-4642-ABFD-1A0DA8FAD90F}.Release|Any CPU.Build.0 = Release|Any CPU
		{BADF1FFD-15F9-47DE-B204-54F502D3DEEF}.Debug|Any CPU.ActiveCfg = Debug|Any CPU
		{BADF1FFD-15F9-47DE-B204-54F502D3DEEF}.Debug|Any CPU.Build.0 = Debug|Any CPU
		{BADF1FFD-15F9-47DE-B204-54F502D3DEEF}.Release|Any CPU.ActiveCfg = Release|Any CPU
		{BADF1FFD-15F9-47DE-B204-54F502D3DEEF}.Release|Any CPU.Build.0 = Release|Any CPU
		{04723D5F-3E04-47DD-B0BD-02B460D02D62}.Debug|Any CPU.ActiveCfg = Debug|Any CPU
		{04723D5F-3E04-47DD-B0BD-02B460D02D62}.Debug|Any CPU.Build.0 = Debug|Any CPU
		{04723D5F-3E04-47DD-B0BD-02B460D02D62}.Release|Any CPU.ActiveCfg = Release|Any CPU
		{04723D5F-3E04-47DD-B0BD-02B460D02D62}.Release|Any CPU.Build.0 = Release|Any CPU
		{96142D34-0CEA-4E9A-B862-539767C01ADE}.Debug|Any CPU.ActiveCfg = Debug|Any CPU
		{96142D34-0CEA-4E9A-B862-539767C01ADE}.Debug|Any CPU.Build.0 = Debug|Any CPU
		{96142D34-0CEA-4E9A-B862-539767C01ADE}.Release|Any CPU.ActiveCfg = Release|Any CPU
		{96142D34-0CEA-4E9A-B862-539767C01ADE}.Release|Any CPU.Build.0 = Release|Any CPU
		{96F4CFEC-535C-4064-BBA2-3A0D2626FF9D}.Debug|Any CPU.ActiveCfg = Debug|Any CPU
		{96F4CFEC-535C-4064-BBA2-3A0D2626FF9D}.Debug|Any CPU.Build.0 = Debug|Any CPU
		{96F4CFEC-535C-4064-BBA2-3A0D2626FF9D}.Release|Any CPU.ActiveCfg = Release|Any CPU
		{96F4CFEC-535C-4064-BBA2-3A0D2626FF9D}.Release|Any CPU.Build.0 = Release|Any CPU
		{12334D8B-62C3-4A59-82EE-7B8D35D358A7}.Debug|Any CPU.ActiveCfg = Debug|Any CPU
		{12334D8B-62C3-4A59-82EE-7B8D35D358A7}.Debug|Any CPU.Build.0 = Debug|Any CPU
		{12334D8B-62C3-4A59-82EE-7B8D35D358A7}.Release|Any CPU.ActiveCfg = Release|Any CPU
		{12334D8B-62C3-4A59-82EE-7B8D35D358A7}.Release|Any CPU.Build.0 = Release|Any CPU
		{944A8850-4503-4B00-86A2-93FEF2D60068}.Debug|Any CPU.ActiveCfg = Debug|Any CPU
		{944A8850-4503-4B00-86A2-93FEF2D60068}.Debug|Any CPU.Build.0 = Debug|Any CPU
		{944A8850-4503-4B00-86A2-93FEF2D60068}.Release|Any CPU.ActiveCfg = Release|Any CPU
		{944A8850-4503-4B00-86A2-93FEF2D60068}.Release|Any CPU.Build.0 = Release|Any CPU
		{04E5F118-90AF-467E-9369-DD9DFE5D556A}.Debug|Any CPU.ActiveCfg = Debug|Any CPU
		{04E5F118-90AF-467E-9369-DD9DFE5D556A}.Debug|Any CPU.Build.0 = Debug|Any CPU
		{04E5F118-90AF-467E-9369-DD9DFE5D556A}.Release|Any CPU.ActiveCfg = Release|Any CPU
		{04E5F118-90AF-467E-9369-DD9DFE5D556A}.Release|Any CPU.Build.0 = Release|Any CPU
		{CF199837-ADBC-48FE-9037-8A3A05271A04}.Debug|Any CPU.ActiveCfg = Debug|Any CPU
		{CF199837-ADBC-48FE-9037-8A3A05271A04}.Debug|Any CPU.Build.0 = Debug|Any CPU
		{CF199837-ADBC-48FE-9037-8A3A05271A04}.Release|Any CPU.ActiveCfg = Release|Any CPU
		{CF199837-ADBC-48FE-9037-8A3A05271A04}.Release|Any CPU.Build.0 = Release|Any CPU
		{D175D320-5A66-4A79-B991-893F92527A7E}.Debug|Any CPU.ActiveCfg = Debug|Any CPU
		{D175D320-5A66-4A79-B991-893F92527A7E}.Debug|Any CPU.Build.0 = Debug|Any CPU
		{D175D320-5A66-4A79-B991-893F92527A7E}.Release|Any CPU.ActiveCfg = Release|Any CPU
		{D175D320-5A66-4A79-B991-893F92527A7E}.Release|Any CPU.Build.0 = Release|Any CPU
		{5152D66A-C39A-4D73-ACCE-21D318F78C93}.Debug|Any CPU.ActiveCfg = Debug|Any CPU
		{5152D66A-C39A-4D73-ACCE-21D318F78C93}.Debug|Any CPU.Build.0 = Debug|Any CPU
		{5152D66A-C39A-4D73-ACCE-21D318F78C93}.Release|Any CPU.ActiveCfg = Release|Any CPU
		{5152D66A-C39A-4D73-ACCE-21D318F78C93}.Release|Any CPU.Build.0 = Release|Any CPU
		{1838FCA5-0D20-4975-B73F-EB9FA971CC44}.Debug|Any CPU.ActiveCfg = Debug|Any CPU
		{1838FCA5-0D20-4975-B73F-EB9FA971CC44}.Debug|Any CPU.Build.0 = Debug|Any CPU
		{1838FCA5-0D20-4975-B73F-EB9FA971CC44}.Release|Any CPU.ActiveCfg = Release|Any CPU
		{1838FCA5-0D20-4975-B73F-EB9FA971CC44}.Release|Any CPU.Build.0 = Release|Any CPU
		{5044F589-9CD6-4676-8C49-A9835F64E687}.Debug|Any CPU.ActiveCfg = Debug|Any CPU
		{5044F589-9CD6-4676-8C49-A9835F64E687}.Debug|Any CPU.Build.0 = Debug|Any CPU
		{5044F589-9CD6-4676-8C49-A9835F64E687}.Release|Any CPU.ActiveCfg = Release|Any CPU
		{5044F589-9CD6-4676-8C49-A9835F64E687}.Release|Any CPU.Build.0 = Release|Any CPU
		{7B6EABF0-8A27-4560-ADD1-86971EE7F650}.Debug|Any CPU.ActiveCfg = Debug|Any CPU
		{7B6EABF0-8A27-4560-ADD1-86971EE7F650}.Debug|Any CPU.Build.0 = Debug|Any CPU
		{7B6EABF0-8A27-4560-ADD1-86971EE7F650}.Release|Any CPU.ActiveCfg = Release|Any CPU
		{7B6EABF0-8A27-4560-ADD1-86971EE7F650}.Release|Any CPU.Build.0 = Release|Any CPU
		{3E6BA4D7-F3DD-49B7-8D38-DC163167C796}.Debug|Any CPU.ActiveCfg = Debug|Any CPU
		{3E6BA4D7-F3DD-49B7-8D38-DC163167C796}.Debug|Any CPU.Build.0 = Debug|Any CPU
		{3E6BA4D7-F3DD-49B7-8D38-DC163167C796}.Release|Any CPU.ActiveCfg = Release|Any CPU
		{3E6BA4D7-F3DD-49B7-8D38-DC163167C796}.Release|Any CPU.Build.0 = Release|Any CPU
		{3477F1AE-8B8E-4BF2-8772-B6CC9DA0009E}.Debug|Any CPU.ActiveCfg = Debug|Any CPU
		{3477F1AE-8B8E-4BF2-8772-B6CC9DA0009E}.Debug|Any CPU.Build.0 = Debug|Any CPU
		{3477F1AE-8B8E-4BF2-8772-B6CC9DA0009E}.Release|Any CPU.ActiveCfg = Release|Any CPU
		{3477F1AE-8B8E-4BF2-8772-B6CC9DA0009E}.Release|Any CPU.Build.0 = Release|Any CPU
		{3675690F-BC51-4C0A-A8D9-3C5F74C5DA25}.Debug|Any CPU.ActiveCfg = Debug|Any CPU
		{3675690F-BC51-4C0A-A8D9-3C5F74C5DA25}.Debug|Any CPU.Build.0 = Debug|Any CPU
		{3675690F-BC51-4C0A-A8D9-3C5F74C5DA25}.Release|Any CPU.ActiveCfg = Release|Any CPU
		{3675690F-BC51-4C0A-A8D9-3C5F74C5DA25}.Release|Any CPU.Build.0 = Release|Any CPU
		{0E4234ED-21A6-42CC-9800-20A7AD2B1A19}.Debug|Any CPU.ActiveCfg = Debug|Any CPU
		{0E4234ED-21A6-42CC-9800-20A7AD2B1A19}.Debug|Any CPU.Build.0 = Debug|Any CPU
		{0E4234ED-21A6-42CC-9800-20A7AD2B1A19}.Release|Any CPU.ActiveCfg = Release|Any CPU
		{0E4234ED-21A6-42CC-9800-20A7AD2B1A19}.Release|Any CPU.Build.0 = Release|Any CPU
		{DDD48C2C-8538-421C-99BA-AA85D24BB650}.Debug|Any CPU.ActiveCfg = Debug|Any CPU
		{DDD48C2C-8538-421C-99BA-AA85D24BB650}.Debug|Any CPU.Build.0 = Debug|Any CPU
		{DDD48C2C-8538-421C-99BA-AA85D24BB650}.Release|Any CPU.ActiveCfg = Release|Any CPU
		{DDD48C2C-8538-421C-99BA-AA85D24BB650}.Release|Any CPU.Build.0 = Release|Any CPU
		{06EFF517-0AC1-4DEF-A9D3-240074A579E8}.Debug|Any CPU.ActiveCfg = Debug|Any CPU
		{06EFF517-0AC1-4DEF-A9D3-240074A579E8}.Debug|Any CPU.Build.0 = Debug|Any CPU
		{06EFF517-0AC1-4DEF-A9D3-240074A579E8}.Release|Any CPU.ActiveCfg = Release|Any CPU
		{06EFF517-0AC1-4DEF-A9D3-240074A579E8}.Release|Any CPU.Build.0 = Release|Any CPU
		{C7B7F136-A057-44E2-A070-044789D206B0}.Debug|Any CPU.ActiveCfg = Debug|Any CPU
		{C7B7F136-A057-44E2-A070-044789D206B0}.Debug|Any CPU.Build.0 = Debug|Any CPU
		{C7B7F136-A057-44E2-A070-044789D206B0}.Release|Any CPU.ActiveCfg = Release|Any CPU
		{C7B7F136-A057-44E2-A070-044789D206B0}.Release|Any CPU.Build.0 = Release|Any CPU
	EndGlobalSection
EndGlobal
